// !$*UTF8*$!
{
	archiveVersion = 1;
	classes = {
	};
	objectVersion = 50;
	objects = {

/* Begin PBXBuildFile section */
		93C9E22C2303A079001A191C /* AppDelegate.m in Sources */ = {isa = PBXBuildFile; fileRef = 93C9E22B2303A079001A191C /* AppDelegate.m */; };
		93C9E22F2303A079001A191C /* ViewController.m in Sources */ = {isa = PBXBuildFile; fileRef = 93C9E22E2303A079001A191C /* ViewController.m */; };
		93C9E2322303A079001A191C /* Main.storyboard in Resources */ = {isa = PBXBuildFile; fileRef = 93C9E2302303A079001A191C /* Main.storyboard */; };
		93C9E2342303A07A001A191C /* Assets.xcassets in Resources */ = {isa = PBXBuildFile; fileRef = 93C9E2332303A07A001A191C /* Assets.xcassets */; };
		93C9E2372303A07A001A191C /* LaunchScreen.storyboard in Resources */ = {isa = PBXBuildFile; fileRef = 93C9E2352303A07A001A191C /* LaunchScreen.storyboard */; };
		93C9E23A2303A07A001A191C /* main.m in Sources */ = {isa = PBXBuildFile; fileRef = 93C9E2392303A07A001A191C /* main.m */; };
		93C9E2442303A07A001A191C /* GYBadgeViewExampleTests.m in Sources */ = {isa = PBXBuildFile; fileRef = 93C9E2432303A07A001A191C /* GYBadgeViewExampleTests.m */; };
		93C9E24F2303A07A001A191C /* GYBadgeViewExampleUITests.m in Sources */ = {isa = PBXBuildFile; fileRef = 93C9E24E2303A07A001A191C /* GYBadgeViewExampleUITests.m */; };
		93C9E25F2303A0EE001A191C /* GYBadgeView.m in Sources */ = {isa = PBXBuildFile; fileRef = 93C9E25E2303A0EE001A191C /* GYBadgeView.m */; };
/* End PBXBuildFile section */

/* Begin PBXContainerItemProxy section */
		93C9E2402303A07A001A191C /* PBXContainerItemProxy */ = {
			isa = PBXContainerItemProxy;
			containerPortal = 93C9E21F2303A079001A191C /* Project object */;
			proxyType = 1;
			remoteGlobalIDString = 93C9E2262303A079001A191C;
			remoteInfo = GYBadgeViewExample;
		};
		93C9E24B2303A07A001A191C /* PBXContainerItemProxy */ = {
			isa = PBXContainerItemProxy;
			containerPortal = 93C9E21F2303A079001A191C /* Project object */;
			proxyType = 1;
			remoteGlobalIDString = 93C9E2262303A079001A191C;
			remoteInfo = GYBadgeViewExample;
		};
/* End PBXContainerItemProxy section */

/* Begin PBXFileReference section */
		93C9E2272303A079001A191C /* GYBadgeViewExample.app */ = {isa = PBXFileReference; explicitFileType = wrapper.application; includeInIndex = 0; path = GYBadgeViewExample.app; sourceTree = BUILT_PRODUCTS_DIR; };
		93C9E22A2303A079001A191C /* AppDelegate.h */ = {isa = PBXFileReference; lastKnownFileType = sourcecode.c.h; path = AppDelegate.h; sourceTree = "<group>"; };
		93C9E22B2303A079001A191C /* AppDelegate.m */ = {isa = PBXFileReference; lastKnownFileType = sourcecode.c.objc; path = AppDelegate.m; sourceTree = "<group>"; };
		93C9E22D2303A079001A191C /* ViewController.h */ = {isa = PBXFileReference; lastKnownFileType = sourcecode.c.h; path = ViewController.h; sourceTree = "<group>"; };
		93C9E22E2303A079001A191C /* ViewController.m */ = {isa = PBXFileReference; lastKnownFileType = sourcecode.c.objc; path = ViewController.m; sourceTree = "<group>"; };
		93C9E2312303A079001A191C /* Base */ = {isa = PBXFileReference; lastKnownFileType = file.storyboard; name = Base; path = Base.lproj/Main.storyboard; sourceTree = "<group>"; };
		93C9E2332303A07A001A191C /* Assets.xcassets */ = {isa = PBXFileReference; lastKnownFileType = folder.assetcatalog; path = Assets.xcassets; sourceTree = "<group>"; };
		93C9E2362303A07A001A191C /* Base */ = {isa = PBXFileReference; lastKnownFileType = file.storyboard; name = Base; path = Base.lproj/LaunchScreen.storyboard; sourceTree = "<group>"; };
		93C9E2382303A07A001A191C /* Info.plist */ = {isa = PBXFileReference; lastKnownFileType = text.plist.xml; path = Info.plist; sourceTree = "<group>"; };
		93C9E2392303A07A001A191C /* main.m */ = {isa = PBXFileReference; lastKnownFileType = sourcecode.c.objc; path = main.m; sourceTree = "<group>"; };
		93C9E23F2303A07A001A191C /* GYBadgeViewExampleTests.xctest */ = {isa = PBXFileReference; explicitFileType = wrapper.cfbundle; includeInIndex = 0; path = GYBadgeViewExampleTests.xctest; sourceTree = BUILT_PRODUCTS_DIR; };
		93C9E2432303A07A001A191C /* GYBadgeViewExampleTests.m */ = {isa = PBXFileReference; lastKnownFileType = sourcecode.c.objc; path = GYBadgeViewExampleTests.m; sourceTree = "<group>"; };
		93C9E2452303A07A001A191C /* Info.plist */ = {isa = PBXFileReference; lastKnownFileType = text.plist.xml; path = Info.plist; sourceTree = "<group>"; };
		93C9E24A2303A07A001A191C /* GYBadgeViewExampleUITests.xctest */ = {isa = PBXFileReference; explicitFileType = wrapper.cfbundle; includeInIndex = 0; path = GYBadgeViewExampleUITests.xctest; sourceTree = BUILT_PRODUCTS_DIR; };
		93C9E24E2303A07A001A191C /* GYBadgeViewExampleUITests.m */ = {isa = PBXFileReference; lastKnownFileType = sourcecode.c.objc; path = GYBadgeViewExampleUITests.m; sourceTree = "<group>"; };
		93C9E2502303A07A001A191C /* Info.plist */ = {isa = PBXFileReference; lastKnownFileType = text.plist.xml; path = Info.plist; sourceTree = "<group>"; };
		93C9E25D2303A0EE001A191C /* GYBadgeView.h */ = {isa = PBXFileReference; fileEncoding = 4; lastKnownFileType = sourcecode.c.h; path = GYBadgeView.h; sourceTree = "<group>"; };
		93C9E25E2303A0EE001A191C /* GYBadgeView.m */ = {isa = PBXFileReference; fileEncoding = 4; lastKnownFileType = sourcecode.c.objc; path = GYBadgeView.m; sourceTree = "<group>"; };
/* End PBXFileReference section */

/* Begin PBXFrameworksBuildPhase section */
		93C9E2242303A079001A191C /* Frameworks */ = {
			isa = PBXFrameworksBuildPhase;
			buildActionMask = 2147483647;
			files = (
			);
			runOnlyForDeploymentPostprocessing = 0;
		};
		93C9E23C2303A07A001A191C /* Frameworks */ = {
			isa = PBXFrameworksBuildPhase;
			buildActionMask = 2147483647;
			files = (
			);
			runOnlyForDeploymentPostprocessing = 0;
		};
		93C9E2472303A07A001A191C /* Frameworks */ = {
			isa = PBXFrameworksBuildPhase;
			buildActionMask = 2147483647;
			files = (
			);
			runOnlyForDeploymentPostprocessing = 0;
		};
/* End PBXFrameworksBuildPhase section */

/* Begin PBXGroup section */
		93C9E21E2303A079001A191C = {
			isa = PBXGroup;
			children = (
				93C9E2292303A079001A191C /* GYBadgeViewExample */,
				93C9E2422303A07A001A191C /* GYBadgeViewExampleTests */,
				93C9E24D2303A07A001A191C /* GYBadgeViewExampleUITests */,
				93C9E2282303A079001A191C /* Products */,
			);
			sourceTree = "<group>";
		};
		93C9E2282303A079001A191C /* Products */ = {
			isa = PBXGroup;
			children = (
				93C9E2272303A079001A191C /* GYBadgeViewExample.app */,
				93C9E23F2303A07A001A191C /* GYBadgeViewExampleTests.xctest */,
				93C9E24A2303A07A001A191C /* GYBadgeViewExampleUITests.xctest */,
			);
			name = Products;
			sourceTree = "<group>";
		};
		93C9E2292303A079001A191C /* GYBadgeViewExample */ = {
			isa = PBXGroup;
			children = (
				93C9E22A2303A079001A191C /* AppDelegate.h */,
				93C9E22B2303A079001A191C /* AppDelegate.m */,
				93C9E22D2303A079001A191C /* ViewController.h */,
				93C9E22E2303A079001A191C /* ViewController.m */,
				93C9E25C2303A0EE001A191C /* GYBadgeView */,
				93C9E2302303A079001A191C /* Main.storyboard */,
				93C9E2332303A07A001A191C /* Assets.xcassets */,
				93C9E2352303A07A001A191C /* LaunchScreen.storyboard */,
				93C9E2382303A07A001A191C /* Info.plist */,
				93C9E2392303A07A001A191C /* main.m */,
			);
			path = GYBadgeViewExample;
			sourceTree = "<group>";
		};
		93C9E2422303A07A001A191C /* GYBadgeViewExampleTests */ = {
			isa = PBXGroup;
			children = (
				93C9E2432303A07A001A191C /* GYBadgeViewExampleTests.m */,
				93C9E2452303A07A001A191C /* Info.plist */,
			);
			path = GYBadgeViewExampleTests;
			sourceTree = "<group>";
		};
		93C9E24D2303A07A001A191C /* GYBadgeViewExampleUITests */ = {
			isa = PBXGroup;
			children = (
				93C9E24E2303A07A001A191C /* GYBadgeViewExampleUITests.m */,
				93C9E2502303A07A001A191C /* Info.plist */,
			);
			path = GYBadgeViewExampleUITests;
			sourceTree = "<group>";
		};
		93C9E25C2303A0EE001A191C /* GYBadgeView */ = {
			isa = PBXGroup;
			children = (
				93C9E25D2303A0EE001A191C /* GYBadgeView.h */,
				93C9E25E2303A0EE001A191C /* GYBadgeView.m */,
			);
			path = GYBadgeView;
			sourceTree = SOURCE_ROOT;
		};
/* End PBXGroup section */

/* Begin PBXNativeTarget section */
		93C9E2262303A079001A191C /* GYBadgeViewExample */ = {
			isa = PBXNativeTarget;
			buildConfigurationList = 93C9E2532303A07A001A191C /* Build configuration list for PBXNativeTarget "GYBadgeViewExample" */;
			buildPhases = (
				93C9E2232303A079001A191C /* Sources */,
				93C9E2242303A079001A191C /* Frameworks */,
				93C9E2252303A079001A191C /* Resources */,
			);
			buildRules = (
			);
			dependencies = (
			);
			name = GYBadgeViewExample;
			productName = GYBadgeViewExample;
			productReference = 93C9E2272303A079001A191C /* GYBadgeViewExample.app */;
			productType = "com.apple.product-type.application";
		};
		93C9E23E2303A07A001A191C /* GYBadgeViewExampleTests */ = {
			isa = PBXNativeTarget;
			buildConfigurationList = 93C9E2562303A07A001A191C /* Build configuration list for PBXNativeTarget "GYBadgeViewExampleTests" */;
			buildPhases = (
				93C9E23B2303A07A001A191C /* Sources */,
				93C9E23C2303A07A001A191C /* Frameworks */,
				93C9E23D2303A07A001A191C /* Resources */,
			);
			buildRules = (
			);
			dependencies = (
				93C9E2412303A07A001A191C /* PBXTargetDependency */,
			);
			name = GYBadgeViewExampleTests;
			productName = GYBadgeViewExampleTests;
			productReference = 93C9E23F2303A07A001A191C /* GYBadgeViewExampleTests.xctest */;
			productType = "com.apple.product-type.bundle.unit-test";
		};
		93C9E2492303A07A001A191C /* GYBadgeViewExampleUITests */ = {
			isa = PBXNativeTarget;
			buildConfigurationList = 93C9E2592303A07A001A191C /* Build configuration list for PBXNativeTarget "GYBadgeViewExampleUITests" */;
			buildPhases = (
				93C9E2462303A07A001A191C /* Sources */,
				93C9E2472303A07A001A191C /* Frameworks */,
				93C9E2482303A07A001A191C /* Resources */,
			);
			buildRules = (
			);
			dependencies = (
				93C9E24C2303A07A001A191C /* PBXTargetDependency */,
			);
			name = GYBadgeViewExampleUITests;
			productName = GYBadgeViewExampleUITests;
			productReference = 93C9E24A2303A07A001A191C /* GYBadgeViewExampleUITests.xctest */;
			productType = "com.apple.product-type.bundle.ui-testing";
		};
/* End PBXNativeTarget section */

/* Begin PBXProject section */
		93C9E21F2303A079001A191C /* Project object */ = {
			isa = PBXProject;
			attributes = {
				LastUpgradeCheck = 1020;
				ORGANIZATIONNAME = YalayGu;
				TargetAttributes = {
					93C9E2262303A079001A191C = {
						CreatedOnToolsVersion = 10.2.1;
					};
					93C9E23E2303A07A001A191C = {
						CreatedOnToolsVersion = 10.2.1;
						TestTargetID = 93C9E2262303A079001A191C;
					};
					93C9E2492303A07A001A191C = {
						CreatedOnToolsVersion = 10.2.1;
						TestTargetID = 93C9E2262303A079001A191C;
					};
				};
			};
			buildConfigurationList = 93C9E2222303A079001A191C /* Build configuration list for PBXProject "GYBadgeViewExample" */;
			compatibilityVersion = "Xcode 9.3";
			developmentRegion = en;
			hasScannedForEncodings = 0;
			knownRegions = (
				en,
				Base,
			);
			mainGroup = 93C9E21E2303A079001A191C;
			productRefGroup = 93C9E2282303A079001A191C /* Products */;
			projectDirPath = "";
			projectRoot = "";
			targets = (
				93C9E2262303A079001A191C /* GYBadgeViewExample */,
				93C9E23E2303A07A001A191C /* GYBadgeViewExampleTests */,
				93C9E2492303A07A001A191C /* GYBadgeViewExampleUITests */,
			);
		};
/* End PBXProject section */

/* Begin PBXResourcesBuildPhase section */
		93C9E2252303A079001A191C /* Resources */ = {
			isa = PBXResourcesBuildPhase;
			buildActionMask = 2147483647;
			files = (
				93C9E2372303A07A001A191C /* LaunchScreen.storyboard in Resources */,
				93C9E2342303A07A001A191C /* Assets.xcassets in Resources */,
				93C9E2322303A079001A191C /* Main.storyboard in Resources */,
			);
			runOnlyForDeploymentPostprocessing = 0;
		};
		93C9E23D2303A07A001A191C /* Resources */ = {
			isa = PBXResourcesBuildPhase;
			buildActionMask = 2147483647;
			files = (
			);
			runOnlyForDeploymentPostprocessing = 0;
		};
		93C9E2482303A07A001A191C /* Resources */ = {
			isa = PBXResourcesBuildPhase;
			buildActionMask = 2147483647;
			files = (
			);
			runOnlyForDeploymentPostprocessing = 0;
		};
/* End PBXResourcesBuildPhase section */

/* Begin PBXSourcesBuildPhase section */
		93C9E2232303A079001A191C /* Sources */ = {
			isa = PBXSourcesBuildPhase;
			buildActionMask = 2147483647;
			files = (
				93C9E22F2303A079001A191C /* ViewController.m in Sources */,
				93C9E23A2303A07A001A191C /* main.m in Sources */,
				93C9E25F2303A0EE001A191C /* GYBadgeView.m in Sources */,
				93C9E22C2303A079001A191C /* AppDelegate.m in Sources */,
			);
			runOnlyForDeploymentPostprocessing = 0;
		};
		93C9E23B2303A07A001A191C /* Sources */ = {
			isa = PBXSourcesBuildPhase;
			buildActionMask = 2147483647;
			files = (
				93C9E2442303A07A001A191C /* GYBadgeViewExampleTests.m in Sources */,
			);
			runOnlyForDeploymentPostprocessing = 0;
		};
		93C9E2462303A07A001A191C /* Sources */ = {
			isa = PBXSourcesBuildPhase;
			buildActionMask = 2147483647;
			files = (
				93C9E24F2303A07A001A191C /* GYBadgeViewExampleUITests.m in Sources */,
			);
			runOnlyForDeploymentPostprocessing = 0;
		};
/* End PBXSourcesBuildPhase section */

/* Begin PBXTargetDependency section */
		93C9E2412303A07A001A191C /* PBXTargetDependency */ = {
			isa = PBXTargetDependency;
			target = 93C9E2262303A079001A191C /* GYBadgeViewExample */;
			targetProxy = 93C9E2402303A07A001A191C /* PBXContainerItemProxy */;
		};
		93C9E24C2303A07A001A191C /* PBXTargetDependency */ = {
			isa = PBXTargetDependency;
			target = 93C9E2262303A079001A191C /* GYBadgeViewExample */;
			targetProxy = 93C9E24B2303A07A001A191C /* PBXContainerItemProxy */;
		};
/* End PBXTargetDependency section */

/* Begin PBXVariantGroup section */
		93C9E2302303A079001A191C /* Main.storyboard */ = {
			isa = PBXVariantGroup;
			children = (
				93C9E2312303A079001A191C /* Base */,
			);
			name = Main.storyboard;
			sourceTree = "<group>";
		};
		93C9E2352303A07A001A191C /* LaunchScreen.storyboard */ = {
			isa = PBXVariantGroup;
			children = (
				93C9E2362303A07A001A191C /* Base */,
			);
			name = LaunchScreen.storyboard;
			sourceTree = "<group>";
		};
/* End PBXVariantGroup section */

/* Begin XCBuildConfiguration section */
		93C9E2512303A07A001A191C /* Debug */ = {
			isa = XCBuildConfiguration;
			buildSettings = {
				ALWAYS_SEARCH_USER_PATHS = NO;
				CLANG_ANALYZER_NONNULL = YES;
				CLANG_ANALYZER_NUMBER_OBJECT_CONVERSION = YES_AGGRESSIVE;
				CLANG_CXX_LANGUAGE_STANDARD = "gnu++14";
				CLANG_CXX_LIBRARY = "libc++";
				CLANG_ENABLE_MODULES = YES;
				CLANG_ENABLE_OBJC_ARC = YES;
				CLANG_ENABLE_OBJC_WEAK = YES;
				CLANG_WARN_BLOCK_CAPTURE_AUTORELEASING = YES;
				CLANG_WARN_BOOL_CONVERSION = YES;
				CLANG_WARN_COMMA = YES;
				CLANG_WARN_CONSTANT_CONVERSION = YES;
				CLANG_WARN_DEPRECATED_OBJC_IMPLEMENTATIONS = YES;
				CLANG_WARN_DIRECT_OBJC_ISA_USAGE = YES_ERROR;
				CLANG_WARN_DOCUMENTATION_COMMENTS = YES;
				CLANG_WARN_EMPTY_BODY = YES;
				CLANG_WARN_ENUM_CONVERSION = YES;
				CLANG_WARN_INFINITE_RECURSION = YES;
				CLANG_WARN_INT_CONVERSION = YES;
				CLANG_WARN_NON_LITERAL_NULL_CONVERSION = YES;
				CLANG_WARN_OBJC_IMPLICIT_RETAIN_SELF = YES;
				CLANG_WARN_OBJC_LITERAL_CONVERSION = YES;
				CLANG_WARN_OBJC_ROOT_CLASS = YES_ERROR;
				CLANG_WARN_RANGE_LOOP_ANALYSIS = YES;
				CLANG_WARN_STRICT_PROTOTYPES = YES;
				CLANG_WARN_SUSPICIOUS_MOVE = YES;
				CLANG_WARN_UNGUARDED_AVAILABILITY = YES_AGGRESSIVE;
				CLANG_WARN_UNREACHABLE_CODE = YES;
				CLANG_WARN__DUPLICATE_METHOD_MATCH = YES;
				CODE_SIGN_IDENTITY = "iPhone Developer";
				COPY_PHASE_STRIP = NO;
				DEBUG_INFORMATION_FORMAT = dwarf;
				ENABLE_STRICT_OBJC_MSGSEND = YES;
				ENABLE_TESTABILITY = YES;
				GCC_C_LANGUAGE_STANDARD = gnu11;
				GCC_DYNAMIC_NO_PIC = NO;
				GCC_NO_COMMON_BLOCKS = YES;
				GCC_OPTIMIZATION_LEVEL = 0;
				GCC_PREPROCESSOR_DEFINITIONS = (
					"DEBUG=1",
					"$(inherited)",
				);
				GCC_WARN_64_TO_32_BIT_CONVERSION = YES;
				GCC_WARN_ABOUT_RETURN_TYPE = YES_ERROR;
				GCC_WARN_UNDECLARED_SELECTOR = YES;
				GCC_WARN_UNINITIALIZED_AUTOS = YES_AGGRESSIVE;
				GCC_WARN_UNUSED_FUNCTION = YES;
				GCC_WARN_UNUSED_VARIABLE = YES;
				IPHONEOS_DEPLOYMENT_TARGET = 12.2;
				MTL_ENABLE_DEBUG_INFO = INCLUDE_SOURCE;
				MTL_FAST_MATH = YES;
				ONLY_ACTIVE_ARCH = YES;
				SDKROOT = iphoneos;
			};
			name = Debug;
		};
		93C9E2522303A07A001A191C /* Release */ = {
			isa = XCBuildConfiguration;
			buildSettings = {
				ALWAYS_SEARCH_USER_PATHS = NO;
				CLANG_ANALYZER_NONNULL = YES;
				CLANG_ANALYZER_NUMBER_OBJECT_CONVERSION = YES_AGGRESSIVE;
				CLANG_CXX_LANGUAGE_STANDARD = "gnu++14";
				CLANG_CXX_LIBRARY = "libc++";
				CLANG_ENABLE_MODULES = YES;
				CLANG_ENABLE_OBJC_ARC = YES;
				CLANG_ENABLE_OBJC_WEAK = YES;
				CLANG_WARN_BLOCK_CAPTURE_AUTORELEASING = YES;
				CLANG_WARN_BOOL_CONVERSION = YES;
				CLANG_WARN_COMMA = YES;
				CLANG_WARN_CONSTANT_CONVERSION = YES;
				CLANG_WARN_DEPRECATED_OBJC_IMPLEMENTATIONS = YES;
				CLANG_WARN_DIRECT_OBJC_ISA_USAGE = YES_ERROR;
				CLANG_WARN_DOCUMENTATION_COMMENTS = YES;
				CLANG_WARN_EMPTY_BODY = YES;
				CLANG_WARN_ENUM_CONVERSION = YES;
				CLANG_WARN_INFINITE_RECURSION = YES;
				CLANG_WARN_INT_CONVERSION = YES;
				CLANG_WARN_NON_LITERAL_NULL_CONVERSION = YES;
				CLANG_WARN_OBJC_IMPLICIT_RETAIN_SELF = YES;
				CLANG_WARN_OBJC_LITERAL_CONVERSION = YES;
				CLANG_WARN_OBJC_ROOT_CLASS = YES_ERROR;
				CLANG_WARN_RANGE_LOOP_ANALYSIS = YES;
				CLANG_WARN_STRICT_PROTOTYPES = YES;
				CLANG_WARN_SUSPICIOUS_MOVE = YES;
				CLANG_WARN_UNGUARDED_AVAILABILITY = YES_AGGRESSIVE;
				CLANG_WARN_UNREACHABLE_CODE = YES;
				CLANG_WARN__DUPLICATE_METHOD_MATCH = YES;
				CODE_SIGN_IDENTITY = "iPhone Developer";
				COPY_PHASE_STRIP = NO;
				DEBUG_INFORMATION_FORMAT = "dwarf-with-dsym";
				ENABLE_NS_ASSERTIONS = NO;
				ENABLE_STRICT_OBJC_MSGSEND = YES;
				GCC_C_LANGUAGE_STANDARD = gnu11;
				GCC_NO_COMMON_BLOCKS = YES;
				GCC_WARN_64_TO_32_BIT_CONVERSION = YES;
				GCC_WARN_ABOUT_RETURN_TYPE = YES_ERROR;
				GCC_WARN_UNDECLARED_SELECTOR = YES;
				GCC_WARN_UNINITIALIZED_AUTOS = YES_AGGRESSIVE;
				GCC_WARN_UNUSED_FUNCTION = YES;
				GCC_WARN_UNUSED_VARIABLE = YES;
				IPHONEOS_DEPLOYMENT_TARGET = 12.2;
				MTL_ENABLE_DEBUG_INFO = NO;
				MTL_FAST_MATH = YES;
				SDKROOT = iphoneos;
				VALIDATE_PRODUCT = YES;
			};
			name = Release;
		};
		93C9E2542303A07A001A191C /* Debug */ = {
			isa = XCBuildConfiguration;
			buildSettings = {
				ASSETCATALOG_COMPILER_APPICON_NAME = AppIcon;
				CODE_SIGN_STYLE = Automatic;
				DEVELOPMENT_TEAM = "";
				INFOPLIST_FILE = GYBadgeViewExample/Info.plist;
				IPHONEOS_DEPLOYMENT_TARGET = 9.0;
				LD_RUNPATH_SEARCH_PATHS = (
					"$(inherited)",
					"@executable_path/Frameworks",
				);
				PRODUCT_BUNDLE_IDENTIFIER = YalayGu.GYBadgeViewExample;
				PRODUCT_NAME = "$(TARGET_NAME)";
				TARGETED_DEVICE_FAMILY = 1;
			};
			name = Debug;
		};
		93C9E2552303A07A001A191C /* Release */ = {
			isa = XCBuildConfiguration;
			buildSettings = {
				ASSETCATALOG_COMPILER_APPICON_NAME = AppIcon;
				CODE_SIGN_STYLE = Automatic;
				DEVELOPMENT_TEAM = "";
				INFOPLIST_FILE = GYBadgeViewExample/Info.plist;
				IPHONEOS_DEPLOYMENT_TARGET = 9.0;
				LD_RUNPATH_SEARCH_PATHS = (
					"$(inherited)",
					"@executable_path/Frameworks",
				);
				PRODUCT_BUNDLE_IDENTIFIER = YalayGu.GYBadgeViewExample;
				PRODUCT_NAME = "$(TARGET_NAME)";
				TARGETED_DEVICE_FAMILY = 1;
			};
			name = Release;
		};
		93C9E2572303A07A001A191C /* Debug */ = {
			isa = XCBuildConfiguration;
			buildSettings = {
				BUNDLE_LOADER = "$(TEST_HOST)";
				CODE_SIGN_STYLE = Automatic;
				INFOPLIST_FILE = GYBadgeViewExampleTests/Info.plist;
				LD_RUNPATH_SEARCH_PATHS = (
					"$(inherited)",
					"@executable_path/Frameworks",
					"@loader_path/Frameworks",
				);
				PRODUCT_BUNDLE_IDENTIFIER = YalayGu.GYBadgeViewExampleTests;
				PRODUCT_NAME = "$(TARGET_NAME)";
				TARGETED_DEVICE_FAMILY = "1,2";
				TEST_HOST = "$(BUILT_PRODUCTS_DIR)/GYBadgeViewExample.app/GYBadgeViewExample";
			};
			name = Debug;
		};
		93C9E2582303A07A001A191C /* Release */ = {
			isa = XCBuildConfiguration;
			buildSettings = {
				BUNDLE_LOADER = "$(TEST_HOST)";
				CODE_SIGN_STYLE = Automatic;
				INFOPLIST_FILE = GYBadgeViewExampleTests/Info.plist;
				LD_RUNPATH_SEARCH_PATHS = (
					"$(inherited)",
					"@executable_path/Frameworks",
					"@loader_path/Frameworks",
				);
				PRODUCT_BUNDLE_IDENTIFIER = YalayGu.GYBadgeViewExampleTests;
				PRODUCT_NAME = "$(TARGET_NAME)";
				TARGETED_DEVICE_FAMILY = "1,2";
				TEST_HOST = "$(BUILT_PRODUCTS_DIR)/GYBadgeViewExample.app/GYBadgeViewExample";
			};
			name = Release;
		};
		93C9E25A2303A07A001A191C /* Debug */ = {
			isa = XCBuildConfiguration;
			buildSettings = {
				CODE_SIGN_STYLE = Automatic;
				INFOPLIST_FILE = GYBadgeViewExampleUITests/Info.plist;
				LD_RUNPATH_SEARCH_PATHS = (
					"$(inherited)",
					"@executable_path/Frameworks",
					"@loader_path/Frameworks",
				);
				PRODUCT_BUNDLE_IDENTIFIER = YalayGu.GYBadgeViewExampleUITests;
				PRODUCT_NAME = "$(TARGET_NAME)";
				TARGETED_DEVICE_FAMILY = "1,2";
				TEST_TARGET_NAME = GYBadgeViewExample;
			};
			name = Debug;
		};
		93C9E25B2303A07A001A191C /* Release */ = {
			isa = XCBuildConfiguration;
			buildSettings = {
				CODE_SIGN_STYLE = Automatic;
				INFOPLIST_FILE = GYBadgeViewExampleUITests/Info.plist;
				LD_RUNPATH_SEARCH_PATHS = (
					"$(inherited)",
					"@executable_path/Frameworks",
					"@loader_path/Frameworks",
				);
				PRODUCT_BUNDLE_IDENTIFIER = YalayGu.GYBadgeViewExampleUITests;
				PRODUCT_NAME = "$(TARGET_NAME)";
				TARGETED_DEVICE_FAMILY = "1,2";
				TEST_TARGET_NAME = GYBadgeViewExample;
			};
			name = Release;
		};
/* End XCBuildConfiguration section */

/* Begin XCConfigurationList section */
		93C9E2222303A079001A191C /* Build configuration list for PBXProject "GYBadgeViewExample" */ = {
			isa = XCConfigurationList;
			buildConfigurations = (
				93C9E2512303A07A001A191C /* Debug */,
				93C9E2522303A07A001A191C /* Release */,
			);
			defaultConfigurationIsVisible = 0;
			defaultConfigurationName = Release;
		};
		93C9E2532303A07A001A191C /* Build configuration list for PBXNativeTarget "GYBadgeViewExample" */ = {
			isa = XCConfigurationList;
			buildConfigurations = (
				93C9E2542303A07A001A191C /* Debug */,
				93C9E2552303A07A001A191C /* Release */,
			);
			defaultConfigurationIsVisible = 0;
			defaultConfigurationName = Release;
		};
		93C9E2562303A07A001A191C /* Build configuration list for PBXNativeTarget "GYBadgeViewExampleTests" */ = {
			isa = XCConfigurationList;
			buildConfigurations = (
				93C9E2572303A07A001A191C /* Debug */,
				93C9E2582303A07A001A191C /* Release */,
			);
			defaultConfigurationIsVisible = 0;
			defaultConfigurationName = Release;
		};
		93C9E2592303A07A001A191C /* Build configuration list for PBXNativeTarget "GYBadgeViewExampleUITests" */ = {
			isa = XCConfigurationList;
			buildConfigurations = (
				93C9E25A2303A07A001A191C /* Debug */,
				93C9E25B2303A07A001A191C /* Release */,
			);
			defaultConfigurationIsVisible = 0;
			defaultConfigurationName = Release;
		};
/* End XCConfigurationList section */
	};
	rootObject = 93C9E21F2303A079001A191C /* Project object */;
}
